
Microsoft Visual Studio Solution File, Format Version 12.00
# Visual Studio Version 17
VisualStudioVersion = 17.0.32112.339
MinimumVisualStudioVersion = 10.0.40219.1
Project("{FAE04EC0-301F-11D3-BF4B-00C04F79EFBC}") = "WebCRUD_MVC_SQLServer", "WebCRUD_MVC_SQLServer\WebCRUD_MVC_SQLServer.csproj", "{42A585D4-9A4B-4335-8015-DB80E1F8972A}"
EndProject
Project("{2150E333-8FDC-42A3-9474-1A3956D46DE8}") = "Solution Items", "Solution Items", "{C764A4E2-38A8-47B5-904F-7C245518387E}"
	ProjectSection(SolutionItems) = preProject
		.editorconfig = .editorconfig
	EndProjectSection
EndProject
Global
	GlobalSection(SolutionConfigurationPlatforms) = preSolution
		Debug|Any CPU = Debug|Any CPU
		Release|Any CPU = Release|Any CPU
	EndGlobalSection
	GlobalSection(ProjectConfigurationPlatforms) = postSolution
		{42A585D4-9A4B-4335-8015-DB80E1F8972A}.Debug|Any CPU.ActiveCfg = Debug|Any CPU
		{42A585D4-9A4B-4335-8015-DB80E1F8972A}.Debug|Any CPU.Build.0 = Debug|Any CPU
		{42A585D4-9A4B-4335-8015-DB80E1F8972A}.Release|Any CPU.ActiveCfg = Release|Any CPU
		{42A585D4-9A4B-4335-8015-DB80E1F8972A}.Release|Any CPU.Build.0 = Release|Any CPU
	EndGlobalSection
	GlobalSection(SolutionProperties) = preSolution
		HideSolutionNode = FALSE
	EndGlobalSection
	GlobalSection(ExtensibilityGlobals) = postSolution
		SolutionGuid = {89CC0C49-7F51-4AE2-8370-E617E9E8E6FE}
	EndGlobalSection
EndGlobal
